
Microsoft Visual Studio Solution File, Format Version 12.00
# Visual Studio Version 17
VisualStudioVersion = 17.14.36930.0
MinimumVisualStudioVersion = 10.0.40219.1
Project("{FAE04EC0-301F-11D3-BF4B-00C04F79EFBC}") = "SincoWepApi", "SincoWepApi\SincoWepApi.csproj", "{A96CBF4D-827F-4901-A8B0-C2024B671733}"
EndProject
Project("{FAE04EC0-301F-11D3-BF4B-00C04F79EFBC}") = "SincoWebApi.Infrastructure", "SincoWebApi.Infrastructure\SincoWebApi.Infrastructure.csproj", "{45BD6CFD-EBCA-4CB1-9789-E462FABD132F}"
EndProject
Project("{FAE04EC0-301F-11D3-BF4B-00C04F79EFBC}") = "SincoWebApi.Application", "SincoWebApi.Application\SincoWebApi.Application.csproj", "{9A43543B-53B8-44F5-88B3-84DC369C1750}"
EndProject
Project("{FAE04EC0-301F-11D3-BF4B-00C04F79EFBC}") = "SincoWebApi.Domain", "SincoWebApi.Domain\SincoWebApi.Domain.csproj", "{B9D67A2C-F57B-40DC-8343-A5753A3D5C59}"
EndProject
Project("{FAE04EC0-301F-11D3-BF4B-00C04F79EFBC}") = "SincoWebApi.UnitTest", "SincoWebApi.UnitTest\SincoWebApi.UnitTest.csproj", "{9F819BD6-1582-49CF-B0B6-5D8889D1E153}"
EndProject
Global
	GlobalSection(SolutionConfigurationPlatforms) = preSolution
		Debug|Any CPU = Debug|Any CPU
		Release|Any CPU = Release|Any CPU
	EndGlobalSection
	GlobalSection(ProjectConfigurationPlatforms) = postSolution
		{A96CBF4D-827F-4901-A8B0-C2024B671733}.Debug|Any CPU.ActiveCfg = Debug|Any CPU
		{A96CBF4D-827F-4901-A8B0-C2024B671733}.Debug|Any CPU.Build.0 = Debug|Any CPU
		{A96CBF4D-827F-4901-A8B0-C2024B671733}.Release|Any CPU.ActiveCfg = Release|Any CPU
		{A96CBF4D-827F-4901-A8B0-C2024B671733}.Release|Any CPU.Build.0 = Release|Any CPU
		{45BD6CFD-EBCA-4CB1-9789-E462FABD132F}.Debug|Any CPU.ActiveCfg = Debug|Any CPU
		{45BD6CFD-EBCA-4CB1-9789-E462FABD132F}.Debug|Any CPU.Build.0 = Debug|Any CPU
		{45BD6CFD-EBCA-4CB1-9789-E462FABD132F}.Release|Any CPU.ActiveCfg = Release|Any CPU
		{45BD6CFD-EBCA-4CB1-9789-E462FABD132F}.Release|Any CPU.Build.0 = Release|Any CPU
		{9A43543B-53B8-44F5-88B3-84DC369C1750}.Debug|Any CPU.ActiveCfg = Debug|Any CPU
		{9A43543B-53B8-44F5-88B3-84DC369C1750}.Debug|Any CPU.Build.0 = Debug|Any CPU
		{9A43543B-53B8-44F5-88B3-84DC369C1750}.Release|Any CPU.ActiveCfg = Release|Any CPU
		{9A43543B-53B8-44F5-88B3-84DC369C1750}.Release|Any CPU.Build.0 = Release|Any CPU
		{B9D67A2C-F57B-40DC-8343-A5753A3D5C59}.Debug|Any CPU.ActiveCfg = Debug|Any CPU
		{B9D67A2C-F57B-40DC-8343-A5753A3D5C59}.Debug|Any CPU.Build.0 = Debug|Any CPU
		{B9D67A2C-F57B-40DC-8343-A5753A3D5C59}.Release|Any CPU.ActiveCfg = Release|Any CPU
		{B9D67A2C-F57B-40DC-8343-A5753A3D5C59}.Release|Any CPU.Build.0 = Release|Any CPU
		{9F819BD6-1582-49CF-B0B6-5D8889D1E153}.Debug|Any CPU.ActiveCfg = Debug|Any CPU
		{9F819BD6-1582-49CF-B0B6-5D8889D1E153}.Debug|Any CPU.Build.0 = Debug|Any CPU
		{9F819BD6-1582-49CF-B0B6-5D8889D1E153}.Release|Any CPU.ActiveCfg = Release|Any CPU
		{9F819BD6-1582-49CF-B0B6-5D8889D1E153}.Release|Any CPU.Build.0 = Release|Any CPU
	EndGlobalSection
	GlobalSection(SolutionProperties) = preSolution
		HideSolutionNode = FALSE
	EndGlobalSection
	GlobalSection(ExtensibilityGlobals) = postSolution
		SolutionGuid = {56B678EA-CEF5-4EB6-9B43-AB3263A81FAF}
	EndGlobalSection
EndGlobal
